
Microsoft Visual Studio Solution File, Format Version 12.00
# Visual Studio 15
VisualStudioVersion = 15.0.26430.13
MinimumVisualStudioVersion = 10.0.40219.1
Project("{FAE04EC0-301F-11D3-BF4B-00C04F79EFBC}") = "Aceitacao", "Aceitacao\Aceitacao.csproj", "{E0317DB9-ECE4-4D35-B57A-247BA5BB4C60}"
EndProject
Project("{FAE04EC0-301F-11D3-BF4B-00C04F79EFBC}") = "Adapters", "Adapters\Adapters.csproj", "{DFD6960A-28BE-486E-A4F1-74E7804F9F95}"
EndProject
Project("{FAE04EC0-301F-11D3-BF4B-00C04F79EFBC}") = "Application", "Application\Application.csproj", "{A02B01DC-D7A7-4EE2-928F-6D7E61C72623}"
EndProject
Project("{FAE04EC0-301F-11D3-BF4B-00C04F79EFBC}") = "DAL", "DAL\DAL.csproj", "{BAA2C22C-2E0B-462F-8670-60CE8DCB916E}"
EndProject
Project("{FAE04EC0-301F-11D3-BF4B-00C04F79EFBC}") = "Domain", "Domain\Domain.csproj", "{393CEEA6-2ECF-497C-8325-647097C6D1D0}"
EndProject
Project("{FAE04EC0-301F-11D3-BF4B-00C04F79EFBC}") = "DTO", "DTO\DTO.csproj", "{23364640-888A-4234-AB88-6A3FC6C9442F}"
EndProject
Project("{FAE04EC0-301F-11D3-BF4B-00C04F79EFBC}") = "Infra", "Infra\Infra.csproj", "{335284A9-6438-49D4-8619-146FD403E08F}"
EndProject
Project("{FAE04EC0-301F-11D3-BF4B-00C04F79EFBC}") = "Integracao", "Integracao\Integracao.csproj", "{B872B6A7-AA22-4CA8-8630-A6C294669BF3}"
EndProject
Project("{FAE04EC0-301F-11D3-BF4B-00C04F79EFBC}") = "NinjectConfig", "NinjectConfig\NinjectConfig.csproj", "{676CF0DA-363C-46AC-A4E6-3E8D041ED182}"
EndProject
Project("{00D1A9C2-B5F0-4AF3-8072-F6C62B433612}") = "Provisao.Db", "Provisao.Db\Provisao.Db.sqlproj", "{0D48D0B3-E94B-475C-B84F-9F6732953CA8}"
EndProject
Project("{FAE04EC0-301F-11D3-BF4B-00C04F79EFBC}") = "Service.Premio", "Service.Premio\Service.Premio.csproj", "{B4F9EDD7-93E0-4047-9E23-1939B54A0B15}"
EndProject
Project("{FAE04EC0-301F-11D3-BF4B-00C04F79EFBC}") = "Unitarios", "Unitarios\Unitarios.csproj", "{F6FA9988-9D96-4C3C-86E0-0E2096D03962}"
EndProject
Global
	GlobalSection(SolutionConfigurationPlatforms) = preSolution
		Debug|Any CPU = Debug|Any CPU
		Release|Any CPU = Release|Any CPU
	EndGlobalSection
	GlobalSection(ProjectConfigurationPlatforms) = postSolution
		{E0317DB9-ECE4-4D35-B57A-247BA5BB4C60}.Debug|Any CPU.ActiveCfg = Debug|Any CPU
		{E0317DB9-ECE4-4D35-B57A-247BA5BB4C60}.Debug|Any CPU.Build.0 = Debug|Any CPU
		{E0317DB9-ECE4-4D35-B57A-247BA5BB4C60}.Release|Any CPU.ActiveCfg = Release|Any CPU
		{E0317DB9-ECE4-4D35-B57A-247BA5BB4C60}.Release|Any CPU.Build.0 = Release|Any CPU
		{DFD6960A-28BE-486E-A4F1-74E7804F9F95}.Debug|Any CPU.ActiveCfg = Debug|Any CPU
		{DFD6960A-28BE-486E-A4F1-74E7804F9F95}.Debug|Any CPU.Build.0 = Debug|Any CPU
		{DFD6960A-28BE-486E-A4F1-74E7804F9F95}.Release|Any CPU.ActiveCfg = Release|Any CPU
		{DFD6960A-28BE-486E-A4F1-74E7804F9F95}.Release|Any CPU.Build.0 = Release|Any CPU
		{A02B01DC-D7A7-4EE2-928F-6D7E61C72623}.Debug|Any CPU.ActiveCfg = Debug|Any CPU
		{A02B01DC-D7A7-4EE2-928F-6D7E61C72623}.Debug|Any CPU.Build.0 = Debug|Any CPU
		{A02B01DC-D7A7-4EE2-928F-6D7E61C72623}.Release|Any CPU.ActiveCfg = Release|Any CPU
		{A02B01DC-D7A7-4EE2-928F-6D7E61C72623}.Release|Any CPU.Build.0 = Release|Any CPU
		{BAA2C22C-2E0B-462F-8670-60CE8DCB916E}.Debug|Any CPU.ActiveCfg = Debug|Any CPU
		{BAA2C22C-2E0B-462F-8670-60CE8DCB916E}.Debug|Any CPU.Build.0 = Debug|Any CPU
		{BAA2C22C-2E0B-462F-8670-60CE8DCB916E}.Release|Any CPU.ActiveCfg = Release|Any CPU
		{BAA2C22C-2E0B-462F-8670-60CE8DCB916E}.Release|Any CPU.Build.0 = Release|Any CPU
		{393CEEA6-2ECF-497C-8325-647097C6D1D0}.Debug|Any CPU.ActiveCfg = Debug|Any CPU
		{393CEEA6-2ECF-497C-8325-647097C6D1D0}.Debug|Any CPU.Build.0 = Debug|Any CPU
		{393CEEA6-2ECF-497C-8325-647097C6D1D0}.Release|Any CPU.ActiveCfg = Release|Any CPU
		{393CEEA6-2ECF-497C-8325-647097C6D1D0}.Release|Any CPU.Build.0 = Release|Any CPU
		{23364640-888A-4234-AB88-6A3FC6C9442F}.Debug|Any CPU.ActiveCfg = Debug|Any CPU
		{23364640-888A-4234-AB88-6A3FC6C9442F}.Debug|Any CPU.Build.0 = Debug|Any CPU
		{23364640-888A-4234-AB88-6A3FC6C9442F}.Release|Any CPU.ActiveCfg = Release|Any CPU
		{23364640-888A-4234-AB88-6A3FC6C9442F}.Release|Any CPU.Build.0 = Release|Any CPU
		{335284A9-6438-49D4-8619-146FD403E08F}.Debug|Any CPU.ActiveCfg = Debug|Any CPU
		{335284A9-6438-49D4-8619-146FD403E08F}.Debug|Any CPU.Build.0 = Debug|Any CPU
		{335284A9-6438-49D4-8619-146FD403E08F}.Release|Any CPU.ActiveCfg = Release|Any CPU
		{335284A9-6438-49D4-8619-146FD403E08F}.Release|Any CPU.Build.0 = Release|Any CPU
		{B872B6A7-AA22-4CA8-8630-A6C294669BF3}.Debug|Any CPU.ActiveCfg = Debug|Any CPU
		{B872B6A7-AA22-4CA8-8630-A6C294669BF3}.Debug|Any CPU.Build.0 = Debug|Any CPU
		{B872B6A7-AA22-4CA8-8630-A6C294669BF3}.Release|Any CPU.ActiveCfg = Release|Any CPU
		{B872B6A7-AA22-4CA8-8630-A6C294669BF3}.Release|Any CPU.Build.0 = Release|Any CPU
		{676CF0DA-363C-46AC-A4E6-3E8D041ED182}.Debug|Any CPU.ActiveCfg = Debug|Any CPU
		{676CF0DA-363C-46AC-A4E6-3E8D041ED182}.Debug|Any CPU.Build.0 = Debug|Any CPU
		{676CF0DA-363C-46AC-A4E6-3E8D041ED182}.Release|Any CPU.ActiveCfg = Release|Any CPU
		{676CF0DA-363C-46AC-A4E6-3E8D041ED182}.Release|Any CPU.Build.0 = Release|Any CPU
		{0D48D0B3-E94B-475C-B84F-9F6732953CA8}.Debug|Any CPU.ActiveCfg = Debug|Any CPU
		{0D48D0B3-E94B-475C-B84F-9F6732953CA8}.Debug|Any CPU.Build.0 = Debug|Any CPU
		{0D48D0B3-E94B-475C-B84F-9F6732953CA8}.Debug|Any CPU.Deploy.0 = Debug|Any CPU
		{0D48D0B3-E94B-475C-B84F-9F6732953CA8}.Release|Any CPU.ActiveCfg = Release|Any CPU
		{0D48D0B3-E94B-475C-B84F-9F6732953CA8}.Release|Any CPU.Build.0 = Release|Any CPU
		{0D48D0B3-E94B-475C-B84F-9F6732953CA8}.Release|Any CPU.Deploy.0 = Release|Any CPU
		{B4F9EDD7-93E0-4047-9E23-1939B54A0B15}.Debug|Any CPU.ActiveCfg = Debug|Any CPU
		{B4F9EDD7-93E0-4047-9E23-1939B54A0B15}.Debug|Any CPU.Build.0 = Debug|Any CPU
		{B4F9EDD7-93E0-4047-9E23-1939B54A0B15}.Release|Any CPU.ActiveCfg = Release|Any CPU
		{B4F9EDD7-93E0-4047-9E23-1939B54A0B15}.Release|Any CPU.Build.0 = Release|Any CPU
		{F6FA9988-9D96-4C3C-86E0-0E2096D03962}.Debug|Any CPU.ActiveCfg = Debug|Any CPU
		{F6FA9988-9D96-4C3C-86E0-0E2096D03962}.Debug|Any CPU.Build.0 = Debug|Any CPU
		{F6FA9988-9D96-4C3C-86E0-0E2096D03962}.Release|Any CPU.ActiveCfg = Release|Any CPU
		{F6FA9988-9D96-4C3C-86E0-0E2096D03962}.Release|Any CPU.Build.0 = Release|Any CPU
	EndGlobalSection
	GlobalSection(SolutionProperties) = preSolution
		HideSolutionNode = FALSE
	EndGlobalSection
EndGlobal
